
Microsoft Visual Studio Solution File, Format Version 12.00
# Visual Studio Version 16
VisualStudioVersion = 16.0.32413.511
MinimumVisualStudioVersion = 10.0.40219.1
Project("{FAE04EC0-301F-11D3-BF4B-00C04F79EFBC}") = "Risk", "Risk\Risk.csproj", "{EF5E52A5-BA4F-4EC7-8977-A9CE3CEE6D54}"
EndProject
Global
	GlobalSection(SolutionConfigurationPlatforms) = preSolution
		Debug|Any CPU = Debug|Any CPU
		Release|Any CPU = Release|Any CPU
	EndGlobalSection
	GlobalSection(ProjectConfigurationPlatforms) = postSolution
		{EF5E52A5-BA4F-4EC7-8977-A9CE3CEE6D54}.Debug|Any CPU.ActiveCfg = Debug|Any CPU
		{EF5E52A5-BA4F-4EC7-8977-A9CE3CEE6D54}.Debug|Any CPU.Build.0 = Debug|Any CPU
		{EF5E52A5-BA4F-4EC7-8977-A9CE3CEE6D54}.Release|Any CPU.ActiveCfg = Release|Any CPU
		{EF5E52A5-BA4F-4EC7-8977-A9CE3CEE6D54}.Release|Any CPU.Build.0 = Release|Any CPU
	EndGlobalSection
	GlobalSection(SolutionProperties) = preSolution
		HideSolutionNode = FALSE
	EndGlobalSection
	GlobalSection(ExtensibilityGlobals) = postSolution
		SolutionGuid = {1B667175-6C43-4535-9E8A-7B1A011BD1EA}
	EndGlobalSection
EndGlobal
